
Microsoft Visual Studio Solution File, Format Version 12.00
# Visual Studio Version 17
VisualStudioVersion = 17.2.32616.157
MinimumVisualStudioVersion = 10.0.40219.1
Project("{FAE04EC0-301F-11D3-BF4B-00C04F79EFBC}") = "Upload_FTP", "Upload_FTP\Upload_FTP.csproj", "{7E9FB194-C801-43B9-B5A6-CB43C8DD4536}"
EndProject
Global
	GlobalSection(SolutionConfigurationPlatforms) = preSolution
		Debug|Any CPU = Debug|Any CPU
		Release|Any CPU = Release|Any CPU
	EndGlobalSection
	GlobalSection(ProjectConfigurationPlatforms) = postSolution
		{7E9FB194-C801-43B9-B5A6-CB43C8DD4536}.Debug|Any CPU.ActiveCfg = Debug|Any CPU
		{7E9FB194-C801-43B9-B5A6-CB43C8DD4536}.Debug|Any CPU.Build.0 = Debug|Any CPU
		{7E9FB194-C801-43B9-B5A6-CB43C8DD4536}.Release|Any CPU.ActiveCfg = Release|Any CPU
		{7E9FB194-C801-43B9-B5A6-CB43C8DD4536}.Release|Any CPU.Build.0 = Release|Any CPU
	EndGlobalSection
	GlobalSection(SolutionProperties) = preSolution
		HideSolutionNode = FALSE
	EndGlobalSection
	GlobalSection(ExtensibilityGlobals) = postSolution
		SolutionGuid = {A2F5B23D-F8D2-4B92-9D21-8DE364DE5327}
	EndGlobalSection
EndGlobal
